lockfileVersion: '9.0'

settings:
  autoInstallPeers: true
  excludeLinksFromLockfile: false

importers:

  .:
    dependencies:
      '@types/emscripten':
        specifier: ^1.41.2
        version: 1.41.2
      vscode-languageserver:
        specifier: ^9.0.1
        version: 9.0.1
      vscode-languageserver-textdocument:
        specifier: ^1.0.11
        version: 1.0.12
      web-tree-sitter:
        specifier: ^0.25.10
        version: 0.25.10(@types/emscripten@1.41.2)

packages:

  '@types/emscripten@1.41.2':
    resolution: {integrity: sha512-0EVXosRnffZuF+rsMM1ZVbfpwpvL2/hWycYQ/0GaH/VaoSJvcSmMl6fiPel9TZXHL3EhANxzqKOVFC6NFXyn8A==}

  vscode-jsonrpc@8.2.0:
    resolution: {integrity: sha512-C+r0eKJUIfiDIfwJhria30+TYWPtuHJXHtI7J0YlOmKAo7ogxP20T0zxB7HZQIFhIyvoBPwWskjxrvAtfjyZfA==}
    engines: {node: '>=14.0.0'}

  vscode-languageserver-protocol@3.17.5:
    resolution: {integrity: sha512-mb1bvRJN8SVznADSGWM9u/b07H7Ecg0I3OgXDuLdn307rl/J3A9YD6/eYOssqhecL27hK1IPZAsaqh00i/Jljg==}

  vscode-languageserver-textdocument@1.0.12:
    resolution: {integrity: sha512-cxWNPesCnQCcMPeenjKKsOCKQZ/L6Tv19DTRIGuLWe32lyzWhihGVJ/rcckZXJxfdKCFvRLS3fpBIsV/ZGX4zA==}

  vscode-languageserver-types@3.17.5:
    resolution: {integrity: sha512-Ld1VelNuX9pdF39h2Hgaeb5hEZM2Z3jUrrMgWQAu82jMtZp7p3vJT3BzToKtZI7NgQssZje5o0zryOrhQvzQAg==}

  vscode-languageserver@9.0.1:
    resolution: {integrity: sha512-woByF3PDpkHFUreUa7Hos7+pUWdeWMXRd26+ZX2A8cFx6v/JPTtd4/uN0/jB6XQHYaOlHbio03NTHCqrgG5n7g==}
    hasBin: true

  web-tree-sitter@0.25.10:
    resolution: {integrity: sha512-Y09sF44/13XvgVKgO2cNDw5rGk6s26MgoZPXLESvMXeefBf7i6/73eFurre0IsTW6E14Y0ArIzhUMmjoc7xyzA==}
    peerDependencies:
      '@types/emscripten': ^1.40.0
    peerDependenciesMeta:
      '@types/emscripten':
        optional: true

snapshots:

  '@types/emscripten@1.41.2': {}

  vscode-jsonrpc@8.2.0: {}

  vscode-languageserver-protocol@3.17.5:
    dependencies:
      vscode-jsonrpc: 8.2.0
      vscode-languageserver-types: 3.17.5

  vscode-languageserver-textdocument@1.0.12: {}

  vscode-languageserver-types@3.17.5: {}

  vscode-languageserver@9.0.1:
    dependencies:
      vscode-languageserver-protocol: 3.17.5

  web-tree-sitter@0.25.10(@types/emscripten@1.41.2):
    optionalDependencies:
      '@types/emscripten': 1.41.2
